
Microsoft Visual Studio Solution File, Format Version 12.00
# Visual Studio Version 17
VisualStudioVersion = 17.3.32922.545
MinimumVisualStudioVersion = 10.0.40219.1
Project("{FAE04EC0-301F-11D3-BF4B-00C04F79EFBC}") = "Bit_Counting", "Bit_Counting\Bit_Counting.csproj", "{5A5BE053-361A-4372-9BD2-5D08C1AAB4BC}"
EndProject
Global
	GlobalSection(SolutionConfigurationPlatforms) = preSolution
		Debug|Any CPU = Debug|Any CPU
		Release|Any CPU = Release|Any CPU
	EndGlobalSection
	GlobalSection(ProjectConfigurationPlatforms) = postSolution
		{5A5BE053-361A-4372-9BD2-5D08C1AAB4BC}.Debug|Any CPU.ActiveCfg = Debug|Any CPU
		{5A5BE053-361A-4372-9BD2-5D08C1AAB4BC}.Debug|Any CPU.Build.0 = Debug|Any CPU
		{5A5BE053-361A-4372-9BD2-5D08C1AAB4BC}.Release|Any CPU.ActiveCfg = Release|Any CPU
		{5A5BE053-361A-4372-9BD2-5D08C1AAB4BC}.Release|Any CPU.Build.0 = Release|Any CPU
	EndGlobalSection
	GlobalSection(SolutionProperties) = preSolution
		HideSolutionNode = FALSE
	EndGlobalSection
	GlobalSection(ExtensibilityGlobals) = postSolution
		SolutionGuid = {282BE8B8-87F3-45AF-B87F-C841CF36F43F}
	EndGlobalSection
EndGlobal
